// !$*UTF8*$!
{
	archiveVersion = 1;
	classes = {
	};
	objectVersion = 48;
	objects = {

/* Begin PBXBuildFile section */
		2900E04E1F9FA8B900C19542 /* TeeMarkerTests.m in Sources */ = {isa = PBXBuildFile; fileRef = 2900E04D1F9FA8B900C19542 /* TeeMarkerTests.m */; };
		2912D75F204EE3C800649734 /* GOLFHandicapping.m in Sources */ = {isa = PBXBuildFile; fileRef = 2912D75E204EE3C800649734 /* GOLFHandicapping.m */; };
		2912D760204EE3C800649734 /* GOLFHandicapping.m in Sources */ = {isa = PBXBuildFile; fileRef = 2912D75E204EE3C800649734 /* GOLFHandicapping.m */; };
		2912D762204EE40D00649734 /* GOLFHandicapping.h in Headers */ = {isa = PBXBuildFile; fileRef = 2912D761204EE40D00649734 /* GOLFHandicapping.h */; settings = {ATTRIBUTES = (Public, ); }; };
		2912D763204EE40D00649734 /* GOLFHandicapping.h in Headers */ = {isa = PBXBuildFile; fileRef = 2912D761204EE40D00649734 /* GOLFHandicapping.h */; settings = {ATTRIBUTES = (Public, ); }; };
		29164282204C3B7800E87478 /* GenericTeeMarkers.xcassets in Resources */ = {isa = PBXBuildFile; fileRef = 29164281204C3B7800E87478 /* GenericTeeMarkers.xcassets */; };
		29164283204C3BB700E87478 /* GenericTeeMarkers.xcassets in Resources */ = {isa = PBXBuildFile; fileRef = 29164281204C3B7800E87478 /* GenericTeeMarkers.xcassets */; };
		29290A6A20727B88005A0E3F /* GOLFScoring.h in Headers */ = {isa = PBXBuildFile; fileRef = 29290A6820727B88005A0E3F /* GOLFScoring.h */; settings = {ATTRIBUTES = (Public, ); }; };
		29290A6B20727B88005A0E3F /* GOLFScoring.h in Headers */ = {isa = PBXBuildFile; fileRef = 29290A6820727B88005A0E3F /* GOLFScoring.h */; settings = {ATTRIBUTES = (Public, ); }; };
		29290A6C20727B88005A0E3F /* GOLFScoring.m in Sources */ = {isa = PBXBuildFile; fileRef = 29290A6920727B88005A0E3F /* GOLFScoring.m */; };
		29290A6D20727B88005A0E3F /* GOLFScoring.m in Sources */ = {isa = PBXBuildFile; fileRef = 29290A6920727B88005A0E3F /* GOLFScoring.m */; };
		2930CDA31DCFEC4F0089491D /* LittleTeeMarkers.xcassets in Resources */ = {isa = PBXBuildFile; fileRef = 2930CDA21DCFEC4F0089491D /* LittleTeeMarkers.xcassets */; };
		2930CDA41DCFEC4F0089491D /* LittleTeeMarkers.xcassets in Resources */ = {isa = PBXBuildFile; fileRef = 2930CDA21DCFEC4F0089491D /* LittleTeeMarkers.xcassets */; };
		2941402D1DDA02D700CC9605 /* GOLFTeeMarkerAdd.icns in Resources */ = {isa = PBXBuildFile; fileRef = 2941402C1DDA02D700CC9605 /* GOLFTeeMarkerAdd.icns */; };
		294140481DDA03E300CC9605 /* GOLFTeeMarkerAll.icns in Resources */ = {isa = PBXBuildFile; fileRef = 2941402E1DDA03E300CC9605 /* GOLFTeeMarkerAll.icns */; };
		294140491DDA03E300CC9605 /* GOLFTeeMarkerBlack.icns in Resources */ = {isa = PBXBuildFile; fileRef = 2941402F1DDA03E300CC9605 /* GOLFTeeMarkerBlack.icns */; };
		2941404A1DDA03E300CC9605 /* GOLFTeeMarkerBlackAndGold.icns in Resources */ = {isa = PBXBuildFile; fileRef = 294140301DDA03E300CC9605 /* GOLFTeeMarkerBlackAndGold.icns */; };
		2941404B1DDA03E300CC9605 /* GOLFTeeMarkerBlackAndWhite.icns in Resources */ = {isa = PBXBuildFile; fileRef = 294140311DDA03E300CC9605 /* GOLFTeeMarkerBlackAndWhite.icns */; };
		2941404C1DDA03E300CC9605 /* GOLFTeeMarkerBlue.icns in Resources */ = {isa = PBXBuildFile; fileRef = 294140321DDA03E300CC9605 /* GOLFTeeMarkerBlue.icns */; };
		2941404D1DDA03E300CC9605 /* GOLFTeeMarkerBlueAndWhite.icns in Resources */ = {isa = PBXBuildFile; fileRef = 294140331DDA03E300CC9605 /* GOLFTeeMarkerBlueAndWhite.icns */; };
		2941404E1DDA03E300CC9605 /* GOLFTeeMarkerBrown.icns in Resources */ = {isa = PBXBuildFile; fileRef = 294140341DDA03E300CC9605 /* GOLFTeeMarkerBrown.icns */; };
		2941404F1DDA03E300CC9605 /* GOLFTeeMarkerGeneric.icns in Resources */ = {isa = PBXBuildFile; fileRef = 294140351DDA03E300CC9605 /* GOLFTeeMarkerGeneric.icns */; };
		294140501DDA03E300CC9605 /* GOLFTeeMarkerGold.icns in Resources */ = {isa = PBXBuildFile; fileRef = 294140361DDA03E300CC9605 /* GOLFTeeMarkerGold.icns */; };
		294140511DDA03E300CC9605 /* GOLFTeeMarkerGreen.icns in Resources */ = {isa = PBXBuildFile; fileRef = 294140371DDA03E300CC9605 /* GOLFTeeMarkerGreen.icns */; };
		294140521DDA03E300CC9605 /* GOLFTeeMarkerMaroon.icns in Resources */ = {isa = PBXBuildFile; fileRef = 294140381DDA03E300CC9605 /* GOLFTeeMarkerMaroon.icns */; };
		294140531DDA03E300CC9605 /* GOLFTeeMarkerOrange.icns in Resources */ = {isa = PBXBuildFile; fileRef = 294140391DDA03E300CC9605 /* GOLFTeeMarkerOrange.icns */; };
		294140541DDA03E300CC9605 /* GOLFTeeMarkerPink.icns in Resources */ = {isa = PBXBuildFile; fileRef = 2941403A1DDA03E300CC9605 /* GOLFTeeMarkerPink.icns */; };
		294140551DDA03E300CC9605 /* GOLFTeeMarkerPurple.icns in Resources */ = {isa = PBXBuildFile; fileRef = 2941403B1DDA03E300CC9605 /* GOLFTeeMarkerPurple.icns */; };
		294140561DDA03E300CC9605 /* GOLFTeeMarkerRainbow.icns in Resources */ = {isa = PBXBuildFile; fileRef = 2941403C1DDA03E300CC9605 /* GOLFTeeMarkerRainbow.icns */; };
		294140571DDA03E300CC9605 /* GOLFTeeMarkerRed.icns in Resources */ = {isa = PBXBuildFile; fileRef = 2941403D1DDA03E300CC9605 /* GOLFTeeMarkerRed.icns */; };
		294140581DDA03E300CC9605 /* GOLFTeeMarkerRedAndWhite.icns in Resources */ = {isa = PBXBuildFile; fileRef = 2941403E1DDA03E300CC9605 /* GOLFTeeMarkerRedAndWhite.icns */; };
		294140591DDA03E300CC9605 /* GOLFTeeMarkerRedAndYellow.icns in Resources */ = {isa = PBXBuildFile; fileRef = 2941403F1DDA03E300CC9605 /* GOLFTeeMarkerRedAndYellow.icns */; };
		2941405A1DDA03E300CC9605 /* GOLFTeeMarkerSilver.icns in Resources */ = {isa = PBXBuildFile; fileRef = 294140401DDA03E300CC9605 /* GOLFTeeMarkerSilver.icns */; };
		2941405B1DDA03E300CC9605 /* GOLFTeeMarkerTan.icns in Resources */ = {isa = PBXBuildFile; fileRef = 294140411DDA03E300CC9605 /* GOLFTeeMarkerTan.icns */; };
		2941405C1DDA03E300CC9605 /* GOLFTeeMarkerTeal.icns in Resources */ = {isa = PBXBuildFile; fileRef = 294140421DDA03E300CC9605 /* GOLFTeeMarkerTeal.icns */; };
		2941405D1DDA03E300CC9605 /* GOLFTeeMarkerUSA.icns in Resources */ = {isa = PBXBuildFile; fileRef = 294140431DDA03E300CC9605 /* GOLFTeeMarkerUSA.icns */; };
		2941405E1DDA03E300CC9605 /* GOLFTeeMarkerWhite.icns in Resources */ = {isa = PBXBuildFile; fileRef = 294140441DDA03E300CC9605 /* GOLFTeeMarkerWhite.icns */; };
		2941405F1DDA03E300CC9605 /* GOLFTeeMarkerWhiteAndGold.icns in Resources */ = {isa = PBXBuildFile; fileRef = 294140451DDA03E300CC9605 /* GOLFTeeMarkerWhiteAndGold.icns */; };
		294140601DDA03E300CC9605 /* GOLFTeeMarkerYellow.icns in Resources */ = {isa = PBXBuildFile; fileRef = 294140461DDA03E300CC9605 /* GOLFTeeMarkerYellow.icns */; };
		294140611DDA03E300CC9605 /* GOLFTeeMarkerYellowAndBlue.icns in Resources */ = {isa = PBXBuildFile; fileRef = 294140471DDA03E300CC9605 /* GOLFTeeMarkerYellowAndBlue.icns */; };
		294140631DDB582600CC9605 /* GOLFKitTypes.h in Headers */ = {isa = PBXBuildFile; fileRef = 294140621DDB582600CC9605 /* GOLFKitTypes.h */; settings = {ATTRIBUTES = (Public, ); }; };
		294140641DDB582600CC9605 /* GOLFKitTypes.h in Headers */ = {isa = PBXBuildFile; fileRef = 294140621DDB582600CC9605 /* GOLFKitTypes.h */; settings = {ATTRIBUTES = (Public, ); }; };
		29436C642055B5F90080E0FE /* GOLFCountries.plist in Resources */ = {isa = PBXBuildFile; fileRef = 29436C632055B5F90080E0FE /* GOLFCountries.plist */; };
		29436C652055B5F90080E0FE /* GOLFCountries.plist in Resources */ = {isa = PBXBuildFile; fileRef = 29436C632055B5F90080E0FE /* GOLFCountries.plist */; };
		2954DC072050EBC2008A7306 /* GOLFUtilities.h in Headers */ = {isa = PBXBuildFile; fileRef = 2954DC052050EBC2008A7306 /* GOLFUtilities.h */; settings = {ATTRIBUTES = (Public, ); }; };
		2954DC082050EBC2008A7306 /* GOLFUtilities.h in Headers */ = {isa = PBXBuildFile; fileRef = 2954DC052050EBC2008A7306 /* GOLFUtilities.h */; settings = {ATTRIBUTES = (Public, ); }; };
		2954DC092050EBC2008A7306 /* GOLFUtilities.m in Sources */ = {isa = PBXBuildFile; fileRef = 2954DC062050EBC2008A7306 /* GOLFUtilities.m */; };
		2954DC0A2050EBC2008A7306 /* GOLFUtilities.m in Sources */ = {isa = PBXBuildFile; fileRef = 2954DC062050EBC2008A7306 /* GOLFUtilities.m */; };
		296411EC204B44CF002A70CB /* GOLFKit.m in Sources */ = {isa = PBXBuildFile; fileRef = 296411EB204B44CF002A70CB /* GOLFKit.m */; };
		296411ED204B44CF002A70CB /* GOLFKit.m in Sources */ = {isa = PBXBuildFile; fileRef = 296411EB204B44CF002A70CB /* GOLFKit.m */; };
		296896BD2049B0180030630C /* GOLFTeeMarkerPGA.icns in Resources */ = {isa = PBXBuildFile; fileRef = 296896BB2049AFFF0030630C /* GOLFTeeMarkerPGA.icns */; };
		296CDDA92062F7A4006DBA2C /* GOLFTeeMarkerBlueAndGreen.icns in Resources */ = {isa = PBXBuildFile; fileRef = 296CDDA82062F7A3006DBA2C /* GOLFTeeMarkerBlueAndGreen.icns */; };
		296F4DDF1F3A40A100781C46 /* GOLFTeeMarkerAzure.icns in Resources */ = {isa = PBXBuildFile; fileRef = 296F4DDE1F3A40A100781C46 /* GOLFTeeMarkerAzure.icns */; };
		296F4DE21F3A497000781C46 /* InfoPlist.strings in Resources */ = {isa = PBXBuildFile; fileRef = 296F4DE41F3A497000781C46 /* InfoPlist.strings */; };
		2971397F2098D5AE00F482BD /* MulliganScoring.m in Sources */ = {isa = PBXBuildFile; fileRef = 2971397E2098D5AE00F482BD /* MulliganScoring.m */; };
		297139802098D5AE00F482BD /* MulliganScoring.m in Sources */ = {isa = PBXBuildFile; fileRef = 2971397E2098D5AE00F482BD /* MulliganScoring.m */; };
		297139822098D64000F482BD /* MulliganScoring.h in Headers */ = {isa = PBXBuildFile; fileRef = 297139812098D64000F482BD /* MulliganScoring.h */; settings = {ATTRIBUTES = (Public, ); }; };
		297139832098D64000F482BD /* MulliganScoring.h in Headers */ = {isa = PBXBuildFile; fileRef = 297139812098D64000F482BD /* MulliganScoring.h */; settings = {ATTRIBUTES = (Public, ); }; };
		29750D6420ADEB8B0082266D /* GOLFTeeMarkerGreenAndWhite.icns in Resources */ = {isa = PBXBuildFile; fileRef = 29750D6320ADEB8B0082266D /* GOLFTeeMarkerGreenAndWhite.icns */; };
		297C860E204BA5D000A40BDB /* LargeTeeMarkers.xcassets in Resources */ = {isa = PBXBuildFile; fileRef = 297C860D204BA5D000A40BDB /* LargeTeeMarkers.xcassets */; };
		297C860F204BA5D000A40BDB /* LargeTeeMarkers.xcassets in Resources */ = {isa = PBXBuildFile; fileRef = 297C860D204BA5D000A40BDB /* LargeTeeMarkers.xcassets */; };
		2988BCFB2078547800C173BE /* GOLFExtensions.h in Headers */ = {isa = PBXBuildFile; fileRef = 2988BCFA2078547800C173BE /* GOLFExtensions.h */; settings = {ATTRIBUTES = (Public, ); }; };
		2988BCFC2078547800C173BE /* GOLFExtensions.h in Headers */ = {isa = PBXBuildFile; fileRef = 2988BCFA2078547800C173BE /* GOLFExtensions.h */; settings = {ATTRIBUTES = (Public, ); }; };
		2990FA9420726F7000E7DB45 /* GOLFClubs.h in Headers */ = {isa = PBXBuildFile; fileRef = 2990FA9220726F7000E7DB45 /* GOLFClubs.h */; settings = {ATTRIBUTES = (Public, ); }; };
		2990FA9520726F7000E7DB45 /* GOLFClubs.h in Headers */ = {isa = PBXBuildFile; fileRef = 2990FA9220726F7000E7DB45 /* GOLFClubs.h */; settings = {ATTRIBUTES = (Public, ); }; };
		2990FA9620726F7000E7DB45 /* GOLFClubs.m in Sources */ = {isa = PBXBuildFile; fileRef = 2990FA9320726F7000E7DB45 /* GOLFClubs.m */; };
		2990FA9720726F7000E7DB45 /* GOLFClubs.m in Sources */ = {isa = PBXBuildFile; fileRef = 2990FA9320726F7000E7DB45 /* GOLFClubs.m */; };
		299AC8BC204E027F0035FFF8 /* GOLFTeeMarkerUSGA.icns in Resources */ = {isa = PBXBuildFile; fileRef = 299AC8BB204E027F0035FFF8 /* GOLFTeeMarkerUSGA.icns */; };
		29A337FF1DCE74440074A064 /* GOLFKit.strings in Resources */ = {isa = PBXBuildFile; fileRef = 29E888CA1DCE5E6400C4A63A /* GOLFKit.strings */; };
		29A338001DCE74570074A064 /* GOLFColors.h in Headers */ = {isa = PBXBuildFile; fileRef = 29E888CD1DCE611600C4A63A /* GOLFColors.h */; settings = {ATTRIBUTES = (Public, ); }; };
		29A338011DCE745B0074A064 /* GOLFColors.m in Sources */ = {isa = PBXBuildFile; fileRef = 29E888CE1DCE611600C4A63A /* GOLFColors.m */; };
		29A338021DCE74600074A064 /* GOLFKit.h in Headers */ = {isa = PBXBuildFile; fileRef = 29E888AF1DCE5B0000C4A63A /* GOLFKit.h */; settings = {ATTRIBUTES = (Public, ); }; };
		29A338041DCE76E30074A064 /* TeeMarkers.xcassets in Resources */ = {isa = PBXBuildFile; fileRef = 29A338031DCE76E30074A064 /* TeeMarkers.xcassets */; };
		29A338051DCE76E30074A064 /* TeeMarkers.xcassets in Resources */ = {isa = PBXBuildFile; fileRef = 29A338031DCE76E30074A064 /* TeeMarkers.xcassets */; };
		29A338081DCE81D70074A064 /* GOLFTeeMarkers.h in Headers */ = {isa = PBXBuildFile; fileRef = 29A338061DCE81D70074A064 /* GOLFTeeMarkers.h */; settings = {ATTRIBUTES = (Public, ); }; };
		29A338091DCE81D70074A064 /* GOLFTeeMarkers.h in Headers */ = {isa = PBXBuildFile; fileRef = 29A338061DCE81D70074A064 /* GOLFTeeMarkers.h */; settings = {ATTRIBUTES = (Public, ); }; };
		29A3380A1DCE81D70074A064 /* GOLFTeeMarkers.m in Sources */ = {isa = PBXBuildFile; fileRef = 29A338071DCE81D70074A064 /* GOLFTeeMarkers.m */; };
		29A3380B1DCE81D70074A064 /* GOLFTeeMarkers.m in Sources */ = {isa = PBXBuildFile; fileRef = 29A338071DCE81D70074A064 /* GOLFTeeMarkers.m */; };
		29A6028F20EA88F3006DD2EE /* iOSIcons.xcassets in Resources */ = {isa = PBXBuildFile; fileRef = 29A6028E20EA88F3006DD2EE /* iOSIcons.xcassets */; };
		29A6029220EA95BF006DD2EE /* GOLFiOSUtilities.h in Headers */ = {isa = PBXBuildFile; fileRef = 29A6029020EA95BF006DD2EE /* GOLFiOSUtilities.h */; settings = {ATTRIBUTES = (Public, ); }; };
		29A6029320EA95BF006DD2EE /* GOLFiOSUtilities.m in Sources */ = {isa = PBXBuildFile; fileRef = 29A6029120EA95BF006DD2EE /* GOLFiOSUtilities.m */; };
		29B00A7D204AFFE000E10210 /* GOLFTeeMarkerEU.icns in Resources */ = {isa = PBXBuildFile; fileRef = 2907DB982048AB7C00A04B8F /* GOLFTeeMarkerEU.icns */; };
		29C0E38C1F9E90580009E23C /* NSNumber+GOLFExtensions.h in Headers */ = {isa = PBXBuildFile; fileRef = 29C0E38A1F9E90580009E23C /* NSNumber+GOLFExtensions.h */; settings = {ATTRIBUTES = (Public, ); }; };
		29C0E38D1F9E90580009E23C /* NSNumber+GOLFExtensions.h in Headers */ = {isa = PBXBuildFile; fileRef = 29C0E38A1F9E90580009E23C /* NSNumber+GOLFExtensions.h */; settings = {ATTRIBUTES = (Public, ); }; };
		29C0E38E1F9E90580009E23C /* NSNumber+GOLFExtensions.m in Sources */ = {isa = PBXBuildFile; fileRef = 29C0E38B1F9E90580009E23C /* NSNumber+GOLFExtensions.m */; };
		29C0E38F1F9E90580009E23C /* NSNumber+GOLFExtensions.m in Sources */ = {isa = PBXBuildFile; fileRef = 29C0E38B1F9E90580009E23C /* NSNumber+GOLFExtensions.m */; };
		29C6C41920471B7E00EF584C /* InfoPlist.strings in Resources */ = {isa = PBXBuildFile; fileRef = 29C6C41B20471B7E00EF584C /* InfoPlist.strings */; };
		29E888BB1DCE5B0000C4A63A /* GOLFKitTests.m in Sources */ = {isa = PBXBuildFile; fileRef = 29E888BA1DCE5B0000C4A63A /* GOLFKitTests.m */; };
		29E888BD1DCE5B0000C4A63A /* GOLFKit.h in Headers */ = {isa = PBXBuildFile; fileRef = 29E888AF1DCE5B0000C4A63A /* GOLFKit.h */; settings = {ATTRIBUTES = (Public, ); }; };
		29E888C81DCE5E6400C4A63A /* GOLFKit.strings in Resources */ = {isa = PBXBuildFile; fileRef = 29E888CA1DCE5E6400C4A63A /* GOLFKit.strings */; };
		29E888CF1DCE611600C4A63A /* GOLFColors.h in Headers */ = {isa = PBXBuildFile; fileRef = 29E888CD1DCE611600C4A63A /* GOLFColors.h */; settings = {ATTRIBUTES = (Public, ); }; };
		29E888D01DCE611600C4A63A /* GOLFColors.m in Sources */ = {isa = PBXBuildFile; fileRef = 29E888CE1DCE611600C4A63A /* GOLFColors.m */; };
/* End PBXBuildFile section */

/* Begin PBXContainerItemProxy section */
		29E888B71DCE5B0000C4A63A /* PBXContainerItemProxy */ = {
			isa = PBXContainerItemProxy;
			containerPortal = 29E888A31DCE5B0000C4A63A /* Project object */;
			proxyType = 1;
			remoteGlobalIDString = 29E888AB1DCE5B0000C4A63A;
			remoteInfo = GOLFKit;
		};
/* End PBXContainerItemProxy section */

/* Begin PBXFileReference section */
		2900E04D1F9FA8B900C19542 /* TeeMarkerTests.m */ = {isa = PBXFileReference; lastKnownFileType = sourcecode.c.objc; path = TeeMarkerTests.m; sourceTree = "<group>"; };
		2907DB982048AB7C00A04B8F /* GOLFTeeMarkerEU.icns */ = {isa = PBXFileReference; lastKnownFileType = image.icns; name = GOLFTeeMarkerEU.icns; path = "GOLFKit (OS X)/TeeMarker icns/GOLFTeeMarkerEU.icns"; sourceTree = SOURCE_ROOT; };
		2912D75E204EE3C800649734 /* GOLFHandicapping.m */ = {isa = PBXFileReference; lastKnownFileType = sourcecode.c.objc; path = GOLFHandicapping.m; sourceTree = "<group>"; };
		2912D761204EE40D00649734 /* GOLFHandicapping.h */ = {isa = PBXFileReference; fileEncoding = 4; lastKnownFileType = sourcecode.c.h; path = GOLFHandicapping.h; sourceTree = "<group>"; };
		29164281204C3B7800E87478 /* GenericTeeMarkers.xcassets */ = {isa = PBXFileReference; lastKnownFileType = folder.assetcatalog; name = GenericTeeMarkers.xcassets; path = GOLFKit/GenericTeeMarkers.xcassets; sourceTree = SOURCE_ROOT; };
		29290A6820727B88005A0E3F /* GOLFScoring.h */ = {isa = PBXFileReference; lastKnownFileType = sourcecode.c.h; path = GOLFScoring.h; sourceTree = "<group>"; };
		29290A6920727B88005A0E3F /* GOLFScoring.m */ = {isa = PBXFileReference; lastKnownFileType = sourcecode.c.objc; path = GOLFScoring.m; sourceTree = "<group>"; };
		2930CDA21DCFEC4F0089491D /* LittleTeeMarkers.xcassets */ = {isa = PBXFileReference; lastKnownFileType = folder.assetcatalog; name = LittleTeeMarkers.xcassets; path = GOLFKit/LittleTeeMarkers.xcassets; sourceTree = SOURCE_ROOT; };
		2941402C1DDA02D700CC9605 /* GOLFTeeMarkerAdd.icns */ = {isa = PBXFileReference; lastKnownFileType = image.icns; name = GOLFTeeMarkerAdd.icns; path = "GOLFKit (OS X)/TeeMarker icns/GOLFTeeMarkerAdd.icns"; sourceTree = SOURCE_ROOT; };
		2941402E1DDA03E300CC9605 /* GOLFTeeMarkerAll.icns */ = {isa = PBXFileReference; lastKnownFileType = image.icns; name = GOLFTeeMarkerAll.icns; path = "GOLFKit (OS X)/TeeMarker icns/GOLFTeeMarkerAll.icns"; sourceTree = SOURCE_ROOT; };
		2941402F1DDA03E300CC9605 /* GOLFTeeMarkerBlack.icns */ = {isa = PBXFileReference; lastKnownFileType = image.icns; name = GOLFTeeMarkerBlack.icns; path = "GOLFKit (OS X)/TeeMarker icns/GOLFTeeMarkerBlack.icns"; sourceTree = SOURCE_ROOT; };
		294140301DDA03E300CC9605 /* GOLFTeeMarkerBlackAndGold.icns */ = {isa = PBXFileReference; lastKnownFileType = image.icns; name = GOLFTeeMarkerBlackAndGold.icns; path = "GOLFKit (OS X)/TeeMarker icns/GOLFTeeMarkerBlackAndGold.icns"; sourceTree = SOURCE_ROOT; };
		294140311DDA03E300CC9605 /* GOLFTeeMarkerBlackAndWhite.icns */ = {isa = PBXFileReference; lastKnownFileType = image.icns; name = GOLFTeeMarkerBlackAndWhite.icns; path = "GOLFKit (OS X)/TeeMarker icns/GOLFTeeMarkerBlackAndWhite.icns"; sourceTree = SOURCE_ROOT; };
		294140321DDA03E300CC9605 /* GOLFTeeMarkerBlue.icns */ = {isa = PBXFileReference; lastKnownFileType = image.icns; name = GOLFTeeMarkerBlue.icns; path = "GOLFKit (OS X)/TeeMarker icns/GOLFTeeMarkerBlue.icns"; sourceTree = SOURCE_ROOT; };
		294140331DDA03E300CC9605 /* GOLFTeeMarkerBlueAndWhite.icns */ = {isa = PBXFileReference; lastKnownFileType = image.icns; name = GOLFTeeMarkerBlueAndWhite.icns; path = "GOLFKit (OS X)/TeeMarker icns/GOLFTeeMarkerBlueAndWhite.icns"; sourceTree = SOURCE_ROOT; };
		294140341DDA03E300CC9605 /* GOLFTeeMarkerBrown.icns */ = {isa = PBXFileReference; lastKnownFileType = image.icns; name = GOLFTeeMarkerBrown.icns; path = "GOLFKit (OS X)/TeeMarker icns/GOLFTeeMarkerBrown.icns"; sourceTree = SOURCE_ROOT; };
		294140351DDA03E300CC9605 /* GOLFTeeMarkerGeneric.icns */ = {isa = PBXFileReference; lastKnownFileType = image.icns; name = GOLFTeeMarkerGeneric.icns; path = "GOLFKit (OS X)/TeeMarker icns/GOLFTeeMarkerGeneric.icns"; sourceTree = SOURCE_ROOT; };
		294140361DDA03E300CC9605 /* GOLFTeeMarkerGold.icns */ = {isa = PBXFileReference; lastKnownFileType = image.icns; name = GOLFTeeMarkerGold.icns; path = "GOLFKit (OS X)/TeeMarker icns/GOLFTeeMarkerGold.icns"; sourceTree = SOURCE_ROOT; };
		294140371DDA03E300CC9605 /* GOLFTeeMarkerGreen.icns */ = {isa = PBXFileReference; lastKnownFileType = image.icns; name = GOLFTeeMarkerGreen.icns; path = "GOLFKit (OS X)/TeeMarker icns/GOLFTeeMarkerGreen.icns"; sourceTree = SOURCE_ROOT; };
		294140381DDA03E300CC9605 /* GOLFTeeMarkerMaroon.icns */ = {isa = PBXFileReference; lastKnownFileType = image.icns; name = GOLFTeeMarkerMaroon.icns; path = "GOLFKit (OS X)/TeeMarker icns/GOLFTeeMarkerMaroon.icns"; sourceTree = SOURCE_ROOT; };
		294140391DDA03E300CC9605 /* GOLFTeeMarkerOrange.icns */ = {isa = PBXFileReference; lastKnownFileType = image.icns; name = GOLFTeeMarkerOrange.icns; path = "GOLFKit (OS X)/TeeMarker icns/GOLFTeeMarkerOrange.icns"; sourceTree = SOURCE_ROOT; };
		2941403A1DDA03E300CC9605 /* GOLFTeeMarkerPink.icns */ = {isa = PBXFileReference; lastKnownFileType = image.icns; name = GOLFTeeMarkerPink.icns; path = "GOLFKit (OS X)/TeeMarker icns/GOLFTeeMarkerPink.icns"; sourceTree = SOURCE_ROOT; };
		2941403B1DDA03E300CC9605 /* GOLFTeeMarkerPurple.icns */ = {isa = PBXFileReference; lastKnownFileType = image.icns; name = GOLFTeeMarkerPurple.icns; path = "GOLFKit (OS X)/TeeMarker icns/GOLFTeeMarkerPurple.icns"; sourceTree = SOURCE_ROOT; };
		2941403C1DDA03E300CC9605 /* GOLFTeeMarkerRainbow.icns */ = {isa = PBXFileReference; lastKnownFileType = image.icns; name = GOLFTeeMarkerRainbow.icns; path = "GOLFKit (OS X)/TeeMarker icns/GOLFTeeMarkerRainbow.icns"; sourceTree = SOURCE_ROOT; };
		2941403D1DDA03E300CC9605 /* GOLFTeeMarkerRed.icns */ = {isa = PBXFileReference; lastKnownFileType = image.icns; name = GOLFTeeMarkerRed.icns; path = "GOLFKit (OS X)/TeeMarker icns/GOLFTeeMarkerRed.icns"; sourceTree = SOURCE_ROOT; };
		2941403E1DDA03E300CC9605 /* GOLFTeeMarkerRedAndWhite.icns */ = {isa = PBXFileReference; lastKnownFileType = image.icns; name = GOLFTeeMarkerRedAndWhite.icns; path = "GOLFKit (OS X)/TeeMarker icns/GOLFTeeMarkerRedAndWhite.icns"; sourceTree = SOURCE_ROOT; };
		2941403F1DDA03E300CC9605 /* GOLFTeeMarkerRedAndYellow.icns */ = {isa = PBXFileReference; lastKnownFileType = image.icns; name = GOLFTeeMarkerRedAndYellow.icns; path = "GOLFKit (OS X)/TeeMarker icns/GOLFTeeMarkerRedAndYellow.icns"; sourceTree = SOURCE_ROOT; };
		294140401DDA03E300CC9605 /* GOLFTeeMarkerSilver.icns */ = {isa = PBXFileReference; lastKnownFileType = image.icns; name = GOLFTeeMarkerSilver.icns; path = "GOLFKit (OS X)/TeeMarker icns/GOLFTeeMarkerSilver.icns"; sourceTree = SOURCE_ROOT; };
		294140411DDA03E300CC9605 /* GOLFTeeMarkerTan.icns */ = {isa = PBXFileReference; lastKnownFileType = image.icns; name = GOLFTeeMarkerTan.icns; path = "GOLFKit (OS X)/TeeMarker icns/GOLFTeeMarkerTan.icns"; sourceTree = SOURCE_ROOT; };
		294140421DDA03E300CC9605 /* GOLFTeeMarkerTeal.icns */ = {isa = PBXFileReference; lastKnownFileType = image.icns; name = GOLFTeeMarkerTeal.icns; path = "GOLFKit (OS X)/TeeMarker icns/GOLFTeeMarkerTeal.icns"; sourceTree = SOURCE_ROOT; };
		294140431DDA03E300CC9605 /* GOLFTeeMarkerUSA.icns */ = {isa = PBXFileReference; lastKnownFileType = image.icns; name = GOLFTeeMarkerUSA.icns; path = "GOLFKit (OS X)/TeeMarker icns/GOLFTeeMarkerUSA.icns"; sourceTree = SOURCE_ROOT; };
		294140441DDA03E300CC9605 /* GOLFTeeMarkerWhite.icns */ = {isa = PBXFileReference; lastKnownFileType = image.icns; name = GOLFTeeMarkerWhite.icns; path = "GOLFKit (OS X)/TeeMarker icns/GOLFTeeMarkerWhite.icns"; sourceTree = SOURCE_ROOT; };
		294140451DDA03E300CC9605 /* GOLFTeeMarkerWhiteAndGold.icns */ = {isa = PBXFileReference; lastKnownFileType = image.icns; name = GOLFTeeMarkerWhiteAndGold.icns; path = "GOLFKit (OS X)/TeeMarker icns/GOLFTeeMarkerWhiteAndGold.icns"; sourceTree = SOURCE_ROOT; };
		294140461DDA03E300CC9605 /* GOLFTeeMarkerYellow.icns */ = {isa = PBXFileReference; lastKnownFileType = image.icns; name = GOLFTeeMarkerYellow.icns; path = "GOLFKit (OS X)/TeeMarker icns/GOLFTeeMarkerYellow.icns"; sourceTree = SOURCE_ROOT; };
		294140471DDA03E300CC9605 /* GOLFTeeMarkerYellowAndBlue.icns */ = {isa = PBXFileReference; lastKnownFileType = image.icns; name = GOLFTeeMarkerYellowAndBlue.icns; path = "GOLFKit (OS X)/TeeMarker icns/GOLFTeeMarkerYellowAndBlue.icns"; sourceTree = SOURCE_ROOT; };
		294140621DDB582600CC9605 /* GOLFKitTypes.h */ = {isa = PBXFileReference; fileEncoding = 4; lastKnownFileType = sourcecode.c.h; name = GOLFKitTypes.h; path = GOLFKit/GOLFKitTypes.h; sourceTree = "<group>"; };
		29436C632055B5F90080E0FE /* GOLFCountries.plist */ = {isa = PBXFileReference; lastKnownFileType = text.plist.xml; path = GOLFCountries.plist; sourceTree = "<group>"; };
		2954DC052050EBC2008A7306 /* GOLFUtilities.h */ = {isa = PBXFileReference; lastKnownFileType = sourcecode.c.h; path = GOLFUtilities.h; sourceTree = "<group>"; };
		2954DC062050EBC2008A7306 /* GOLFUtilities.m */ = {isa = PBXFileReference; lastKnownFileType = sourcecode.c.objc; path = GOLFUtilities.m; sourceTree = "<group>"; };
		296411EB204B44CF002A70CB /* GOLFKit.m */ = {isa = PBXFileReference; fileEncoding = 4; lastKnownFileType = sourcecode.c.objc; path = GOLFKit.m; sourceTree = "<group>"; };
		296896BB2049AFFF0030630C /* GOLFTeeMarkerPGA.icns */ = {isa = PBXFileReference; lastKnownFileType = image.icns; name = GOLFTeeMarkerPGA.icns; path = "GOLFKit (OS X)/TeeMarker icns/GOLFTeeMarkerPGA.icns"; sourceTree = SOURCE_ROOT; };
		296CDDA82062F7A3006DBA2C /* GOLFTeeMarkerBlueAndGreen.icns */ = {isa = PBXFileReference; lastKnownFileType = image.icns; path = GOLFTeeMarkerBlueAndGreen.icns; sourceTree = "<group>"; };
		296F4DDE1F3A40A100781C46 /* GOLFTeeMarkerAzure.icns */ = {isa = PBXFileReference; lastKnownFileType = image.icns; name = GOLFTeeMarkerAzure.icns; path = "GOLFKit (OS X)/TeeMarker icns/GOLFTeeMarkerAzure.icns"; sourceTree = SOURCE_ROOT; };
		296F4DE31F3A497000781C46 /* en */ = {isa = PBXFileReference; lastKnownFileType = text.plist.strings; name = en; path = en.lproj/InfoPlist.strings; sourceTree = "<group>"; };
		296F4DE51F3A497900781C46 /* fr */ = {isa = PBXFileReference; lastKnownFileType = text.plist.strings; name = fr; path = fr.lproj/InfoPlist.strings; sourceTree = "<group>"; };
		296F4DE61F3A497E00781C46 /* es */ = {isa = PBXFileReference; lastKnownFileType = text.plist.strings; name = es; path = es.lproj/InfoPlist.strings; sourceTree = "<group>"; };
		2971397E2098D5AE00F482BD /* MulliganScoring.m */ = {isa = PBXFileReference; fileEncoding = 4; lastKnownFileType = sourcecode.c.objc; name = MulliganScoring.m; path = "Mulligan Scoring/MulliganScoring.m"; sourceTree = "<group>"; };
		297139812098D64000F482BD /* MulliganScoring.h */ = {isa = PBXFileReference; fileEncoding = 4; lastKnownFileType = sourcecode.c.h; name = MulliganScoring.h; path = "Mulligan Scoring/MulliganScoring.h"; sourceTree = "<group>"; };
		29750D6320ADEB8B0082266D /* GOLFTeeMarkerGreenAndWhite.icns */ = {isa = PBXFileReference; lastKnownFileType = image.icns; path = GOLFTeeMarkerGreenAndWhite.icns; sourceTree = "<group>"; };
		297C860D204BA5D000A40BDB /* LargeTeeMarkers.xcassets */ = {isa = PBXFileReference; lastKnownFileType = folder.assetcatalog; name = LargeTeeMarkers.xcassets; path = GOLFKit/LargeTeeMarkers.xcassets; sourceTree = SOURCE_ROOT; };
		2988BCFA2078547800C173BE /* GOLFExtensions.h */ = {isa = PBXFileReference; lastKnownFileType = sourcecode.c.h; path = GOLFExtensions.h; sourceTree = "<group>"; };
		2990FA9220726F7000E7DB45 /* GOLFClubs.h */ = {isa = PBXFileReference; lastKnownFileType = sourcecode.c.h; path = GOLFClubs.h; sourceTree = "<group>"; };
		2990FA9320726F7000E7DB45 /* GOLFClubs.m */ = {isa = PBXFileReference; lastKnownFileType = sourcecode.c.objc; path = GOLFClubs.m; sourceTree = "<group>"; };
		299AC8BB204E027F0035FFF8 /* GOLFTeeMarkerUSGA.icns */ = {isa = PBXFileReference; lastKnownFileType = image.icns; path = GOLFTeeMarkerUSGA.icns; sourceTree = "<group>"; };
		299EAC562048567400225491 /* de */ = {isa = PBXFileReference; lastKnownFileType = text.plist.strings; name = de; path = de.lproj/InfoPlist.strings; sourceTree = "<group>"; };
		299EAC572048568A00225491 /* de */ = {isa = PBXFileReference; lastKnownFileType = text.plist.strings; name = de; path = de.lproj/InfoPlist.strings; sourceTree = "<group>"; };
		29A338031DCE76E30074A064 /* TeeMarkers.xcassets */ = {isa = PBXFileReference; lastKnownFileType = folder.assetcatalog; name = TeeMarkers.xcassets; path = GOLFKit/TeeMarkers.xcassets; sourceTree = SOURCE_ROOT; };
		29A338061DCE81D70074A064 /* GOLFTeeMarkers.h */ = {isa = PBXFileReference; fileEncoding = 4; lastKnownFileType = sourcecode.c.h; name = GOLFTeeMarkers.h; path = GOLFKit/GOLFTeeMarkers.h; sourceTree = SOURCE_ROOT; };
		29A338071DCE81D70074A064 /* GOLFTeeMarkers.m */ = {isa = PBXFileReference; fileEncoding = 4; lastKnownFileType = sourcecode.c.objc; name = GOLFTeeMarkers.m; path = GOLFKit/GOLFTeeMarkers.m; sourceTree = SOURCE_ROOT; };
		29A6028E20EA88F3006DD2EE /* iOSIcons.xcassets */ = {isa = PBXFileReference; lastKnownFileType = folder.assetcatalog; path = iOSIcons.xcassets; sourceTree = "<group>"; };
		29A6029020EA95BF006DD2EE /* GOLFiOSUtilities.h */ = {isa = PBXFileReference; lastKnownFileType = sourcecode.c.h; path = GOLFiOSUtilities.h; sourceTree = "<group>"; };
		29A6029120EA95BF006DD2EE /* GOLFiOSUtilities.m */ = {isa = PBXFileReference; lastKnownFileType = sourcecode.c.objc; path = GOLFiOSUtilities.m; sourceTree = "<group>"; };
		29C0E38A1F9E90580009E23C /* NSNumber+GOLFExtensions.h */ = {isa = PBXFileReference; lastKnownFileType = sourcecode.c.h; name = "NSNumber+GOLFExtensions.h"; path = "GOLFKit/NSNumber+GOLFExtensions.h"; sourceTree = SOURCE_ROOT; };
		29C0E38B1F9E90580009E23C /* NSNumber+GOLFExtensions.m */ = {isa = PBXFileReference; lastKnownFileType = sourcecode.c.objc; name = "NSNumber+GOLFExtensions.m"; path = "GOLFKit/NSNumber+GOLFExtensions.m"; sourceTree = SOURCE_ROOT; };
		29C6C41A20471B7E00EF584C /* en */ = {isa = PBXFileReference; lastKnownFileType = text.plist.strings; name = en; path = en.lproj/InfoPlist.strings; sourceTree = "<group>"; };
		29C6C41C20471BA100EF584C /* es */ = {isa = PBXFileReference; lastKnownFileType = text.plist.strings; name = es; path = es.lproj/InfoPlist.strings; sourceTree = "<group>"; };
		29C6C41D20471BC800EF584C /* fr */ = {isa = PBXFileReference; lastKnownFileType = text.plist.strings; name = fr; path = fr.lproj/InfoPlist.strings; sourceTree = "<group>"; };
		29C6C4242047576800EF584C /* de */ = {isa = PBXFileReference; lastKnownFileType = text.plist.strings; name = de; path = de.lproj/GOLFKit.strings; sourceTree = "<group>"; };
		29E888AC1DCE5B0000C4A63A /* GOLFKit.framework */ = {isa = PBXFileReference; explicitFileType = wrapper.framework; includeInIndex = 0; path = GOLFKit.framework; sourceTree = BUILT_PRODUCTS_DIR; };
		29E888AF1DCE5B0000C4A63A /* GOLFKit.h */ = {isa = PBXFileReference; lastKnownFileType = sourcecode.c.h; name = GOLFKit.h; path = GOLFKit/GOLFKit.h; sourceTree = SOURCE_ROOT; };
		29E888B01DCE5B0000C4A63A /* Info.plist */ = {isa = PBXFileReference; lastKnownFileType = text.plist.xml; name = Info.plist; path = "GOLFKit (iOS)/Info.plist"; sourceTree = SOURCE_ROOT; };
		29E888B51DCE5B0000C4A63A /* GOLFKitTests.xctest */ = {isa = PBXFileReference; explicitFileType = wrapper.cfbundle; includeInIndex = 0; path = GOLFKitTests.xctest; sourceTree = BUILT_PRODUCTS_DIR; };
		29E888BA1DCE5B0000C4A63A /* GOLFKitTests.m */ = {isa = PBXFileReference; lastKnownFileType = sourcecode.c.objc; path = GOLFKitTests.m; sourceTree = "<group>"; };
		29E888BC1DCE5B0000C4A63A /* Info.plist */ = {isa = PBXFileReference; lastKnownFileType = text.plist.xml; path = Info.plist; sourceTree = "<group>"; };
		29E888C91DCE5E6400C4A63A /* en */ = {isa = PBXFileReference; lastKnownFileType = text.plist.strings; name = en; path = en.lproj/GOLFKit.strings; sourceTree = "<group>"; };
		29E888CB1DCE5EA300C4A63A /* fr */ = {isa = PBXFileReference; lastKnownFileType = text.plist.strings; name = fr; path = fr.lproj/GOLFKit.strings; sourceTree = "<group>"; };
		29E888CC1DCE5EBA00C4A63A /* es */ = {isa = PBXFileReference; lastKnownFileType = text.plist.strings; name = es; path = es.lproj/GOLFKit.strings; sourceTree = "<group>"; };
		29E888CD1DCE611600C4A63A /* GOLFColors.h */ = {isa = PBXFileReference; fileEncoding = 4; lastKnownFileType = sourcecode.c.h; name = GOLFColors.h; path = GOLFKit/GOLFColors.h; sourceTree = SOURCE_ROOT; };
		29E888CE1DCE611600C4A63A /* GOLFColors.m */ = {isa = PBXFileReference; fileEncoding = 4; lastKnownFileType = sourcecode.c.objc; name = GOLFColors.m; path = GOLFKit/GOLFColors.m; sourceTree = SOURCE_ROOT; };
		29E888D91DCE65E000C4A63A /* GOLFKit.framework */ = {isa = PBXFileReference; explicitFileType = wrapper.framework; includeInIndex = 0; path = GOLFKit.framework; sourceTree = BUILT_PRODUCTS_DIR; };
		29E888DC1DCE65E000C4A63A /* Info.plist */ = {isa = PBXFileReference; lastKnownFileType = text.plist.xml; name = Info.plist; path = "GOLFKit (OS X)/Info.plist"; sourceTree = SOURCE_ROOT; };
		29F7B42F204DA2B9002FACCA /* GOLFKitFutures.h */ = {isa = PBXFileReference; lastKnownFileType = sourcecode.c.h; path = GOLFKitFutures.h; sourceTree = "<group>"; };
/* End PBXFileReference section */

/* Begin PBXFrameworksBuildPhase section */
		29E888A81DCE5B0000C4A63A /* Frameworks */ = {
			isa = PBXFrameworksBuildPhase;
			buildActionMask = 2147483647;
			files = (
			);
			runOnlyForDeploymentPostprocessing = 0;
		};
		29E888B21DCE5B0000C4A63A /* Frameworks */ = {
			isa = PBXFrameworksBuildPhase;
			buildActionMask = 2147483647;
			files = (
			);
			runOnlyForDeploymentPostprocessing = 0;
		};
		29E888D51DCE65E000C4A63A /* Frameworks */ = {
			isa = PBXFrameworksBuildPhase;
			buildActionMask = 2147483647;
			files = (
			);
			runOnlyForDeploymentPostprocessing = 0;
		};
/* End PBXFrameworksBuildPhase section */

/* Begin PBXGroup section */
		2912D764204EE95400649734 /* Handicapping */ = {
			isa = PBXGroup;
			children = (
				2912D761204EE40D00649734 /* GOLFHandicapping.h */,
				2912D75E204EE3C800649734 /* GOLFHandicapping.m */,
			);
			name = Handicapping;
			sourceTree = "<group>";
		};
		29290A66207271EF005A0E3F /* Clubs */ = {
			isa = PBXGroup;
			children = (
				2990FA9220726F7000E7DB45 /* GOLFClubs.h */,
				2990FA9320726F7000E7DB45 /* GOLFClubs.m */,
			);
			name = Clubs;
			sourceTree = "<group>";
		};
		29290A7020728571005A0E3F /* Scoring */ = {
			isa = PBXGroup;
			children = (
				29290A6820727B88005A0E3F /* GOLFScoring.h */,
				29290A6920727B88005A0E3F /* GOLFScoring.m */,
				297139812098D64000F482BD /* MulliganScoring.h */,
				2971397E2098D5AE00F482BD /* MulliganScoring.m */,
			);
			name = Scoring;
			sourceTree = "<group>";
		};
		294140281DD8E2F000CC9605 /* UI */ = {
			isa = PBXGroup;
			children = (
				294140291DD8E30800CC9605 /* TeeMarker icns */,
			);
			name = UI;
			sourceTree = "<group>";
		};
		294140291DD8E30800CC9605 /* TeeMarker icns */ = {
			isa = PBXGroup;
			children = (
				2941402C1DDA02D700CC9605 /* GOLFTeeMarkerAdd.icns */,
				2941402E1DDA03E300CC9605 /* GOLFTeeMarkerAll.icns */,
				296F4DDE1F3A40A100781C46 /* GOLFTeeMarkerAzure.icns */,
				2941402F1DDA03E300CC9605 /* GOLFTeeMarkerBlack.icns */,
				294140301DDA03E300CC9605 /* GOLFTeeMarkerBlackAndGold.icns */,
				294140311DDA03E300CC9605 /* GOLFTeeMarkerBlackAndWhite.icns */,
				294140321DDA03E300CC9605 /* GOLFTeeMarkerBlue.icns */,
				296CDDA82062F7A3006DBA2C /* GOLFTeeMarkerBlueAndGreen.icns */,
				294140331DDA03E300CC9605 /* GOLFTeeMarkerBlueAndWhite.icns */,
				294140341DDA03E300CC9605 /* GOLFTeeMarkerBrown.icns */,
				2907DB982048AB7C00A04B8F /* GOLFTeeMarkerEU.icns */,
				294140351DDA03E300CC9605 /* GOLFTeeMarkerGeneric.icns */,
				294140361DDA03E300CC9605 /* GOLFTeeMarkerGold.icns */,
				294140371DDA03E300CC9605 /* GOLFTeeMarkerGreen.icns */,
				29750D6320ADEB8B0082266D /* GOLFTeeMarkerGreenAndWhite.icns */,
				294140381DDA03E300CC9605 /* GOLFTeeMarkerMaroon.icns */,
				294140391DDA03E300CC9605 /* GOLFTeeMarkerOrange.icns */,
				296896BB2049AFFF0030630C /* GOLFTeeMarkerPGA.icns */,
				2941403A1DDA03E300CC9605 /* GOLFTeeMarkerPink.icns */,
				2941403B1DDA03E300CC9605 /* GOLFTeeMarkerPurple.icns */,
				2941403C1DDA03E300CC9605 /* GOLFTeeMarkerRainbow.icns */,
				2941403D1DDA03E300CC9605 /* GOLFTeeMarkerRed.icns */,
				2941403E1DDA03E300CC9605 /* GOLFTeeMarkerRedAndWhite.icns */,
				2941403F1DDA03E300CC9605 /* GOLFTeeMarkerRedAndYellow.icns */,
				294140401DDA03E300CC9605 /* GOLFTeeMarkerSilver.icns */,
				294140411DDA03E300CC9605 /* GOLFTeeMarkerTan.icns */,
				294140421DDA03E300CC9605 /* GOLFTeeMarkerTeal.icns */,
				294140431DDA03E300CC9605 /* GOLFTeeMarkerUSA.icns */,
				299AC8BB204E027F0035FFF8 /* GOLFTeeMarkerUSGA.icns */,
				294140441DDA03E300CC9605 /* GOLFTeeMarkerWhite.icns */,
				294140451DDA03E300CC9605 /* GOLFTeeMarkerWhiteAndGold.icns */,
				294140461DDA03E300CC9605 /* GOLFTeeMarkerYellow.icns */,
				294140471DDA03E300CC9605 /* GOLFTeeMarkerYellowAndBlue.icns */,
			);
			name = "TeeMarker icns";
			path = "GOLFKit (OS X)/TeeMarker icns";
			sourceTree = SOURCE_ROOT;
		};
		29C0E3901F9E921F0009E23C /* Categories */ = {
			isa = PBXGroup;
			children = (
				2988BCFA2078547800C173BE /* GOLFExtensions.h */,
				29C0E38A1F9E90580009E23C /* NSNumber+GOLFExtensions.h */,
				29C0E38B1F9E90580009E23C /* NSNumber+GOLFExtensions.m */,
			);
			name = Categories;
			sourceTree = "<group>";
		};
		29E888A21DCE5B0000C4A63A = {
			isa = PBXGroup;
			children = (
				294140621DDB582600CC9605 /* GOLFKitTypes.h */,
				29E888D11DCE652700C4A63A /* Common */,
				29E888AE1DCE5B0000C4A63A /* GOLFKit (iOS) */,
				29E888DA1DCE65E000C4A63A /* GOLFKit (macOS) */,
				29E888B91DCE5B0000C4A63A /* GOLFKitTests */,
				29E888AD1DCE5B0000C4A63A /* Products */,
			);
			sourceTree = "<group>";
		};
		29E888AD1DCE5B0000C4A63A /* Products */ = {
			isa = PBXGroup;
			children = (
				29E888AC1DCE5B0000C4A63A /* GOLFKit.framework */,
				29E888B51DCE5B0000C4A63A /* GOLFKitTests.xctest */,
				29E888D91DCE65E000C4A63A /* GOLFKit.framework */,
			);
			name = Products;
			sourceTree = "<group>";
		};
		29E888AE1DCE5B0000C4A63A /* GOLFKit (iOS) */ = {
			isa = PBXGroup;
			children = (
				29E888B01DCE5B0000C4A63A /* Info.plist */,
				296F4DE41F3A497000781C46 /* InfoPlist.strings */,
				29A6029020EA95BF006DD2EE /* GOLFiOSUtilities.h */,
				29A6029120EA95BF006DD2EE /* GOLFiOSUtilities.m */,
				29A6028E20EA88F3006DD2EE /* iOSIcons.xcassets */,
			);
			path = "GOLFKit (iOS)";
			sourceTree = SOURCE_ROOT;
		};
		29E888B91DCE5B0000C4A63A /* GOLFKitTests */ = {
			isa = PBXGroup;
			children = (
				29E888BA1DCE5B0000C4A63A /* GOLFKitTests.m */,
				29F7B42F204DA2B9002FACCA /* GOLFKitFutures.h */,
				2900E04D1F9FA8B900C19542 /* TeeMarkerTests.m */,
				29E888BC1DCE5B0000C4A63A /* Info.plist */,
			);
			path = GOLFKitTests;
			sourceTree = "<group>";
		};
		29E888D11DCE652700C4A63A /* Common */ = {
			isa = PBXGroup;
			children = (
				29E888AF1DCE5B0000C4A63A /* GOLFKit.h */,
				296411EB204B44CF002A70CB /* GOLFKit.m */,
				2954DC052050EBC2008A7306 /* GOLFUtilities.h */,
				2954DC062050EBC2008A7306 /* GOLFUtilities.m */,
				29C0E3901F9E921F0009E23C /* Categories */,
				29290A66207271EF005A0E3F /* Clubs */,
				2912D764204EE95400649734 /* Handicapping */,
				29290A7020728571005A0E3F /* Scoring */,
				29E888D21DCE654800C4A63A /* UI */,
				29E888D31DCE655400C4A63A /* Localization */,
			);
			name = Common;
			path = GOLFKit;
			sourceTree = "<group>";
		};
		29E888D21DCE654800C4A63A /* UI */ = {
			isa = PBXGroup;
			children = (
				29E888CD1DCE611600C4A63A /* GOLFColors.h */,
				29E888CE1DCE611600C4A63A /* GOLFColors.m */,
				29A338061DCE81D70074A064 /* GOLFTeeMarkers.h */,
				29A338071DCE81D70074A064 /* GOLFTeeMarkers.m */,
				29A338031DCE76E30074A064 /* TeeMarkers.xcassets */,
				2930CDA21DCFEC4F0089491D /* LittleTeeMarkers.xcassets */,
				297C860D204BA5D000A40BDB /* LargeTeeMarkers.xcassets */,
				29164281204C3B7800E87478 /* GenericTeeMarkers.xcassets */,
			);
			name = UI;
			sourceTree = "<group>";
		};
		29E888D31DCE655400C4A63A /* Localization */ = {
			isa = PBXGroup;
			children = (
				29E888CA1DCE5E6400C4A63A /* GOLFKit.strings */,
				29436C632055B5F90080E0FE /* GOLFCountries.plist */,
			);
			name = Localization;
			path = GOLFKit;
			sourceTree = SOURCE_ROOT;
		};
		29E888DA1DCE65E000C4A63A /* GOLFKit (macOS) */ = {
			isa = PBXGroup;
			children = (
				29E888DC1DCE65E000C4A63A /* Info.plist */,
				29C6C41B20471B7E00EF584C /* InfoPlist.strings */,
				294140281DD8E2F000CC9605 /* UI */,
			);
			name = "GOLFKit (macOS)";
			path = "GOLFKit (OS X)";
			sourceTree = SOURCE_ROOT;
		};
/* End PBXGroup section */

/* Begin PBXHeadersBuildPhase section */
		29E888A91DCE5B0000C4A63A /* Headers */ = {
			isa = PBXHeadersBuildPhase;
			buildActionMask = 2147483647;
			files = (
				29A338081DCE81D70074A064 /* GOLFTeeMarkers.h in Headers */,
				294140631DDB582600CC9605 /* GOLFKitTypes.h in Headers */,
				2988BCFB2078547800C173BE /* GOLFExtensions.h in Headers */,
				2990FA9420726F7000E7DB45 /* GOLFClubs.h in Headers */,
				29E888CF1DCE611600C4A63A /* GOLFColors.h in Headers */,
				2954DC072050EBC2008A7306 /* GOLFUtilities.h in Headers */,
				29C0E38C1F9E90580009E23C /* NSNumber+GOLFExtensions.h in Headers */,
				29A6029220EA95BF006DD2EE /* GOLFiOSUtilities.h in Headers */,
				2912D762204EE40D00649734 /* GOLFHandicapping.h in Headers */,
				29E888BD1DCE5B0000C4A63A /* GOLFKit.h in Headers */,
				29290A6A20727B88005A0E3F /* GOLFScoring.h in Headers */,
				297139822098D64000F482BD /* MulliganScoring.h in Headers */,
			);
			runOnlyForDeploymentPostprocessing = 0;
		};
		29E888D61DCE65E000C4A63A /* Headers */ = {
			isa = PBXHeadersBuildPhase;
			buildActionMask = 2147483647;
			files = (
				29A338091DCE81D70074A064 /* GOLFTeeMarkers.h in Headers */,
				294140641DDB582600CC9605 /* GOLFKitTypes.h in Headers */,
				2988BCFC2078547800C173BE /* GOLFExtensions.h in Headers */,
				2990FA9520726F7000E7DB45 /* GOLFClubs.h in Headers */,
				29A338001DCE74570074A064 /* GOLFColors.h in Headers */,
				2954DC082050EBC2008A7306 /* GOLFUtilities.h in Headers */,
				29C0E38D1F9E90580009E23C /* NSNumber+GOLFExtensions.h in Headers */,
				2912D763204EE40D00649734 /* GOLFHandicapping.h in Headers */,
				29A338021DCE74600074A064 /* GOLFKit.h in Headers */,
				29290A6B20727B88005A0E3F /* GOLFScoring.h in Headers */,
				297139832098D64000F482BD /* MulliganScoring.h in Headers */,
			);
			runOnlyForDeploymentPostprocessing = 0;
		};
/* End PBXHeadersBuildPhase section */

/* Begin PBXNativeTarget section */
		29E888AB1DCE5B0000C4A63A /* GOLFKit (iOS) */ = {
			isa = PBXNativeTarget;
			buildConfigurationList = 29E888C01DCE5B0000C4A63A /* Build configuration list for PBXNativeTarget "GOLFKit (iOS)" */;
			buildPhases = (
				29E888A71DCE5B0000C4A63A /* Sources */,
				29E888A81DCE5B0000C4A63A /* Frameworks */,
				29E888A91DCE5B0000C4A63A /* Headers */,
				29E888AA1DCE5B0000C4A63A /* Resources */,
			);
			buildRules = (
			);
			dependencies = (
			);
			name = "GOLFKit (iOS)";
			productName = GOLFKit;
			productReference = 29E888AC1DCE5B0000C4A63A /* GOLFKit.framework */;
			productType = "com.apple.product-type.framework";
		};
		29E888B41DCE5B0000C4A63A /* GOLFKitTests */ = {
			isa = PBXNativeTarget;
			buildConfigurationList = 29E888C31DCE5B0000C4A63A /* Build configuration list for PBXNativeTarget "GOLFKitTests" */;
			buildPhases = (
				29E888B11DCE5B0000C4A63A /* Sources */,
				29E888B21DCE5B0000C4A63A /* Frameworks */,
				29E888B31DCE5B0000C4A63A /* Resources */,
			);
			buildRules = (
			);
			dependencies = (
				29E888B81DCE5B0000C4A63A /* PBXTargetDependency */,
			);
			name = GOLFKitTests;
			productName = GOLFKitTests;
			productReference = 29E888B51DCE5B0000C4A63A /* GOLFKitTests.xctest */;
			productType = "com.apple.product-type.bundle.unit-test";
		};
		29E888D81DCE65E000C4A63A /* GOLFKit (OS X) */ = {
			isa = PBXNativeTarget;
			buildConfigurationList = 29E888EA1DCE65E000C4A63A /* Build configuration list for PBXNativeTarget "GOLFKit (OS X)" */;
			buildPhases = (
				29E888D41DCE65E000C4A63A /* Sources */,
				29E888D51DCE65E000C4A63A /* Frameworks */,
				29E888D61DCE65E000C4A63A /* Headers */,
				29E888D71DCE65E000C4A63A /* Resources */,
			);
			buildRules = (
			);
			dependencies = (
			);
			name = "GOLFKit (OS X)";
			productName = "GOLFKit OS X";
			productReference = 29E888D91DCE65E000C4A63A /* GOLFKit.framework */;
			productType = "com.apple.product-type.framework";
		};
/* End PBXNativeTarget section */

/* Begin PBXProject section */
		29E888A31DCE5B0000C4A63A /* Project object */ = {
			isa = PBXProject;
			attributes = {
				LastUpgradeCheck = 0930;
				ORGANIZATIONNAME = "Mulligan Software";
				TargetAttributes = {
					29E888AB1DCE5B0000C4A63A = {
						CreatedOnToolsVersion = 8.1;
						ProvisioningStyle = Automatic;
					};
					29E888B41DCE5B0000C4A63A = {
						CreatedOnToolsVersion = 8.1;
						ProvisioningStyle = Automatic;
					};
					29E888D81DCE65E000C4A63A = {
						CreatedOnToolsVersion = 8.1;
						ProvisioningStyle = Automatic;
					};
				};
			};
			buildConfigurationList = 29E888A61DCE5B0000C4A63A /* Build configuration list for PBXProject "GOLFKit" */;
			compatibilityVersion = "Xcode 8.0";
			developmentRegion = English;
			hasScannedForEncodings = 0;
			knownRegions = (
				en,
				fr,
				es,
				de,
			);
			mainGroup = 29E888A21DCE5B0000C4A63A;
			productRefGroup = 29E888AD1DCE5B0000C4A63A /* Products */;
			projectDirPath = "";
			projectRoot = "";
			targets = (
				29E888AB1DCE5B0000C4A63A /* GOLFKit (iOS) */,
				29E888D81DCE65E000C4A63A /* GOLFKit (OS X) */,
				29E888B41DCE5B0000C4A63A /* GOLFKitTests */,
			);
		};
/* End PBXProject section */

/* Begin PBXResourcesBuildPhase section */
		29E888AA1DCE5B0000C4A63A /* Resources */ = {
			isa = PBXResourcesBuildPhase;
			buildActionMask = 2147483647;
			files = (
				2930CDA31DCFEC4F0089491D /* LittleTeeMarkers.xcassets in Resources */,
				296F4DE21F3A497000781C46 /* InfoPlist.strings in Resources */,
				29A338041DCE76E30074A064 /* TeeMarkers.xcassets in Resources */,
				297C860E204BA5D000A40BDB /* LargeTeeMarkers.xcassets in Resources */,
				29A6028F20EA88F3006DD2EE /* iOSIcons.xcassets in Resources */,
				29164282204C3B7800E87478 /* GenericTeeMarkers.xcassets in Resources */,
				29436C642055B5F90080E0FE /* GOLFCountries.plist in Resources */,
				29E888C81DCE5E6400C4A63A /* GOLFKit.strings in Resources */,
			);
			runOnlyForDeploymentPostprocessing = 0;
		};
		29E888B31DCE5B0000C4A63A /* Resources */ = {
			isa = PBXResourcesBuildPhase;
			buildActionMask = 2147483647;
			files = (
			);
			runOnlyForDeploymentPostprocessing = 0;
		};
		29E888D71DCE65E000C4A63A /* Resources */ = {
			isa = PBXResourcesBuildPhase;
			buildActionMask = 2147483647;
			files = (
				294140581DDA03E300CC9605 /* GOLFTeeMarkerRedAndWhite.icns in Resources */,
				2941405E1DDA03E300CC9605 /* GOLFTeeMarkerWhite.icns in Resources */,
				2941404E1DDA03E300CC9605 /* GOLFTeeMarkerBrown.icns in Resources */,
				297C860F204BA5D000A40BDB /* LargeTeeMarkers.xcassets in Resources */,
				29B00A7D204AFFE000E10210 /* GOLFTeeMarkerEU.icns in Resources */,
				294140501DDA03E300CC9605 /* GOLFTeeMarkerGold.icns in Resources */,
				2941404F1DDA03E300CC9605 /* GOLFTeeMarkerGeneric.icns in Resources */,
				296896BD2049B0180030630C /* GOLFTeeMarkerPGA.icns in Resources */,
				294140611DDA03E300CC9605 /* GOLFTeeMarkerYellowAndBlue.icns in Resources */,
				294140511DDA03E300CC9605 /* GOLFTeeMarkerGreen.icns in Resources */,
				2941402D1DDA02D700CC9605 /* GOLFTeeMarkerAdd.icns in Resources */,
				294140491DDA03E300CC9605 /* GOLFTeeMarkerBlack.icns in Resources */,
				2930CDA41DCFEC4F0089491D /* LittleTeeMarkers.xcassets in Resources */,
				2941404D1DDA03E300CC9605 /* GOLFTeeMarkerBlueAndWhite.icns in Resources */,
				29A338051DCE76E30074A064 /* TeeMarkers.xcassets in Resources */,
				294140601DDA03E300CC9605 /* GOLFTeeMarkerYellow.icns in Resources */,
				2941405F1DDA03E300CC9605 /* GOLFTeeMarkerWhiteAndGold.icns in Resources */,
				29A337FF1DCE74440074A064 /* GOLFKit.strings in Resources */,
				296CDDA92062F7A4006DBA2C /* GOLFTeeMarkerBlueAndGreen.icns in Resources */,
				299AC8BC204E027F0035FFF8 /* GOLFTeeMarkerUSGA.icns in Resources */,
				294140541DDA03E300CC9605 /* GOLFTeeMarkerPink.icns in Resources */,
				294140571DDA03E300CC9605 /* GOLFTeeMarkerRed.icns in Resources */,
				294140481DDA03E300CC9605 /* GOLFTeeMarkerAll.icns in Resources */,
				294140531DDA03E300CC9605 /* GOLFTeeMarkerOrange.icns in Resources */,
				29436C652055B5F90080E0FE /* GOLFCountries.plist in Resources */,
				29164283204C3BB700E87478 /* GenericTeeMarkers.xcassets in Resources */,
				294140551DDA03E300CC9605 /* GOLFTeeMarkerPurple.icns in Resources */,
				2941405A1DDA03E300CC9605 /* GOLFTeeMarkerSilver.icns in Resources */,
				2941405D1DDA03E300CC9605 /* GOLFTeeMarkerUSA.icns in Resources */,
				2941404A1DDA03E300CC9605 /* GOLFTeeMarkerBlackAndGold.icns in Resources */,
				2941405C1DDA03E300CC9605 /* GOLFTeeMarkerTeal.icns in Resources */,
				2941404B1DDA03E300CC9605 /* GOLFTeeMarkerBlackAndWhite.icns in Resources */,
				294140561DDA03E300CC9605 /* GOLFTeeMarkerRainbow.icns in Resources */,
				294140591DDA03E300CC9605 /* GOLFTeeMarkerRedAndYellow.icns in Resources */,
				29C6C41920471B7E00EF584C /* InfoPlist.strings in Resources */,
				296F4DDF1F3A40A100781C46 /* GOLFTeeMarkerAzure.icns in Resources */,
				2941404C1DDA03E300CC9605 /* GOLFTeeMarkerBlue.icns in Resources */,
				294140521DDA03E300CC9605 /* GOLFTeeMarkerMaroon.icns in Resources */,
				2941405B1DDA03E300CC9605 /* GOLFTeeMarkerTan.icns in Resources */,
				29750D6420ADEB8B0082266D /* GOLFTeeMarkerGreenAndWhite.icns in Resources */,
			);
			runOnlyForDeploymentPostprocessing = 0;
		};
/* End PBXResourcesBuildPhase section */

/* Begin PBXSourcesBuildPhase section */
		29E888A71DCE5B0000C4A63A /* Sources */ = {
			isa = PBXSourcesBuildPhase;
			buildActionMask = 2147483647;
			files = (
				29A6029320EA95BF006DD2EE /* GOLFiOSUtilities.m in Sources */,
				2971397F2098D5AE00F482BD /* MulliganScoring.m in Sources */,
				296411EC204B44CF002A70CB /* GOLFKit.m in Sources */,
				29A3380A1DCE81D70074A064 /* GOLFTeeMarkers.m in Sources */,
				29C0E38E1F9E90580009E23C /* NSNumber+GOLFExtensions.m in Sources */,
				29E888D01DCE611600C4A63A /* GOLFColors.m in Sources */,
				2954DC092050EBC2008A7306 /* GOLFUtilities.m in Sources */,
				29290A6C20727B88005A0E3F /* GOLFScoring.m in Sources */,
				2990FA9620726F7000E7DB45 /* GOLFClubs.m in Sources */,
				2912D75F204EE3C800649734 /* GOLFHandicapping.m in Sources */,
			);
			runOnlyForDeploymentPostprocessing = 0;
		};
		29E888B11DCE5B0000C4A63A /* Sources */ = {
			isa = PBXSourcesBuildPhase;
			buildActionMask = 2147483647;
			files = (
				2900E04E1F9FA8B900C19542 /* TeeMarkerTests.m in Sources */,
				29E888BB1DCE5B0000C4A63A /* GOLFKitTests.m in Sources */,
			);
			runOnlyForDeploymentPostprocessing = 0;
		};
		29E888D41DCE65E000C4A63A /* Sources */ = {
			isa = PBXSourcesBuildPhase;
			buildActionMask = 2147483647;
			files = (
				297139802098D5AE00F482BD /* MulliganScoring.m in Sources */,
				296411ED204B44CF002A70CB /* GOLFKit.m in Sources */,
				29A3380B1DCE81D70074A064 /* GOLFTeeMarkers.m in Sources */,
				29C0E38F1F9E90580009E23C /* NSNumber+GOLFExtensions.m in Sources */,
				29A338011DCE745B0074A064 /* GOLFColors.m in Sources */,
				2954DC0A2050EBC2008A7306 /* GOLFUtilities.m in Sources */,
				29290A6D20727B88005A0E3F /* GOLFScoring.m in Sources */,
				2990FA9720726F7000E7DB45 /* GOLFClubs.m in Sources */,
				2912D760204EE3C800649734 /* GOLFHandicapping.m in Sources */,
			);
			runOnlyForDeploymentPostprocessing = 0;
		};
/* End PBXSourcesBuildPhase section */

/* Begin PBXTargetDependency section */
		29E888B81DCE5B0000C4A63A /* PBXTargetDependency */ = {
			isa = PBXTargetDependency;
			target = 29E888AB1DCE5B0000C4A63A /* GOLFKit (iOS) */;
			targetProxy = 29E888B71DCE5B0000C4A63A /* PBXContainerItemProxy */;
		};
/* End PBXTargetDependency section */

/* Begin PBXVariantGroup section */
		296F4DE41F3A497000781C46 /* InfoPlist.strings */ = {
			isa = PBXVariantGroup;
			children = (
				296F4DE31F3A497000781C46 /* en */,
				296F4DE51F3A497900781C46 /* fr */,
				296F4DE61F3A497E00781C46 /* es */,
				299EAC572048568A00225491 /* de */,
			);
			name = InfoPlist.strings;
			path = "GOLFKit (iOS)";
			sourceTree = SOURCE_ROOT;
		};
		29C6C41B20471B7E00EF584C /* InfoPlist.strings */ = {
			isa = PBXVariantGroup;
			children = (
				29C6C41A20471B7E00EF584C /* en */,
				29C6C41C20471BA100EF584C /* es */,
				29C6C41D20471BC800EF584C /* fr */,
				299EAC562048567400225491 /* de */,
			);
			name = InfoPlist.strings;
			path = "GOLFKit (OS X)";
			sourceTree = SOURCE_ROOT;
		};
		29E888CA1DCE5E6400C4A63A /* GOLFKit.strings */ = {
			isa = PBXVariantGroup;
			children = (
				29E888C91DCE5E6400C4A63A /* en */,
				29E888CB1DCE5EA300C4A63A /* fr */,
				29E888CC1DCE5EBA00C4A63A /* es */,
				29C6C4242047576800EF584C /* de */,
			);
			name = GOLFKit.strings;
			sourceTree = "<group>";
		};
/* End PBXVariantGroup section */

/* Begin XCBuildConfiguration section */
		29E888BE1DCE5B0000C4A63A /* Debug */ = {
			isa = XCBuildConfiguration;
			buildSettings = {
				ALWAYS_SEARCH_USER_PATHS = NO;
				CLANG_ANALYZER_LOCALIZABILITY_NONLOCALIZED = YES;
				CLANG_ANALYZER_NONNULL = YES;
				CLANG_CXX_LANGUAGE_STANDARD = "gnu++0x";
				CLANG_CXX_LIBRARY = "libc++";
				CLANG_ENABLE_MODULES = YES;
				CLANG_ENABLE_OBJC_ARC = YES;
				CLANG_WARN_BLOCK_CAPTURE_AUTORELEASING = YES;
				CLANG_WARN_BOOL_CONVERSION = YES;
				CLANG_WARN_COMMA = YES;
				CLANG_WARN_CONSTANT_CONVERSION = YES;
				CLANG_WARN_DEPRECATED_OBJC_IMPLEMENTATIONS = YES;
				CLANG_WARN_DIRECT_OBJC_ISA_USAGE = YES_ERROR;
				CLANG_WARN_DOCUMENTATION_COMMENTS = YES;
				CLANG_WARN_EMPTY_BODY = YES;
				CLANG_WARN_ENUM_CONVERSION = YES;
				CLANG_WARN_INFINITE_RECURSION = YES;
				CLANG_WARN_INT_CONVERSION = YES;
				CLANG_WARN_NON_LITERAL_NULL_CONVERSION = YES;
				CLANG_WARN_OBJC_IMPLICIT_RETAIN_SELF = YES;
				CLANG_WARN_OBJC_LITERAL_CONVERSION = YES;
				CLANG_WARN_OBJC_ROOT_CLASS = YES_ERROR;
				CLANG_WARN_RANGE_LOOP_ANALYSIS = YES;
				CLANG_WARN_STRICT_PROTOTYPES = YES;
				CLANG_WARN_SUSPICIOUS_MOVE = YES;
				CLANG_WARN_SUSPICIOUS_MOVES = YES;
				CLANG_WARN_UNREACHABLE_CODE = YES;
				CLANG_WARN__DUPLICATE_METHOD_MATCH = YES;
				CODE_SIGN_IDENTITY = "-";
				COPY_PHASE_STRIP = NO;
				CURRENT_PROJECT_VERSION = 14;
				DEBUG_INFORMATION_FORMAT = dwarf;
				ENABLE_STRICT_OBJC_MSGSEND = YES;
				ENABLE_TESTABILITY = YES;
				GCC_C_LANGUAGE_STANDARD = gnu99;
				GCC_DYNAMIC_NO_PIC = NO;
				GCC_NO_COMMON_BLOCKS = YES;
				GCC_OPTIMIZATION_LEVEL = 0;
				GCC_PREPROCESSOR_DEFINITIONS = (
					"DEBUG=1",
					"$(inherited)",
				);
				GCC_WARN_64_TO_32_BIT_CONVERSION = YES;
				GCC_WARN_ABOUT_RETURN_TYPE = YES_ERROR;
				GCC_WARN_UNDECLARED_SELECTOR = YES;
				GCC_WARN_UNINITIALIZED_AUTOS = YES_AGGRESSIVE;
				GCC_WARN_UNUSED_FUNCTION = YES;
				GCC_WARN_UNUSED_VARIABLE = YES;
				IPHONEOS_DEPLOYMENT_TARGET = 9.0;
				MACOSX_DEPLOYMENT_TARGET = 10.10;
				MTL_ENABLE_DEBUG_INFO = YES;
				ONLY_ACTIVE_ARCH = YES;
				SDKROOT = macosx;
				VERSIONING_SYSTEM = "apple-generic";
				VERSION_INFO_PREFIX = "";
			};
			name = Debug;
		};
		29E888BF1DCE5B0000C4A63A /* Release */ = {
			isa = XCBuildConfiguration;
			buildSettings = {
				ALWAYS_SEARCH_USER_PATHS = NO;
				CLANG_ANALYZER_LOCALIZABILITY_NONLOCALIZED = YES;
				CLANG_ANALYZER_NONNULL = YES;
				CLANG_CXX_LANGUAGE_STANDARD = "gnu++0x";
				CLANG_CXX_LIBRARY = "libc++";
				CLANG_ENABLE_MODULES = YES;
				CLANG_ENABLE_OBJC_ARC = YES;
				CLANG_WARN_BLOCK_CAPTURE_AUTORELEASING = YES;
				CLANG_WARN_BOOL_CONVERSION = YES;
				CLANG_WARN_COMMA = YES;
				CLANG_WARN_CONSTANT_CONVERSION = YES;
				CLANG_WARN_DEPRECATED_OBJC_IMPLEMENTATIONS = YES;
				CLANG_WARN_DIRECT_OBJC_ISA_USAGE = YES_ERROR;
				CLANG_WARN_DOCUMENTATION_COMMENTS = YES;
				CLANG_WARN_EMPTY_BODY = YES;
				CLANG_WARN_ENUM_CONVERSION = YES;
				CLANG_WARN_INFINITE_RECURSION = YES;
				CLANG_WARN_INT_CONVERSION = YES;
				CLANG_WARN_NON_LITERAL_NULL_CONVERSION = YES;
				CLANG_WARN_OBJC_IMPLICIT_RETAIN_SELF = YES;
				CLANG_WARN_OBJC_LITERAL_CONVERSION = YES;
				CLANG_WARN_OBJC_ROOT_CLASS = YES_ERROR;
				CLANG_WARN_RANGE_LOOP_ANALYSIS = YES;
				CLANG_WARN_STRICT_PROTOTYPES = YES;
				CLANG_WARN_SUSPICIOUS_MOVE = YES;
				CLANG_WARN_SUSPICIOUS_MOVES = YES;
				CLANG_WARN_UNREACHABLE_CODE = YES;
				CLANG_WARN__DUPLICATE_METHOD_MATCH = YES;
				CODE_SIGN_IDENTITY = "-";
				COPY_PHASE_STRIP = NO;
				CURRENT_PROJECT_VERSION = 14;
				DEBUG_INFORMATION_FORMAT = "dwarf-with-dsym";
				ENABLE_NS_ASSERTIONS = NO;
				ENABLE_STRICT_OBJC_MSGSEND = YES;
				GCC_C_LANGUAGE_STANDARD = gnu99;
				GCC_NO_COMMON_BLOCKS = YES;
				GCC_WARN_64_TO_32_BIT_CONVERSION = YES;
				GCC_WARN_ABOUT_RETURN_TYPE = YES_ERROR;
				GCC_WARN_UNDECLARED_SELECTOR = YES;
				GCC_WARN_UNINITIALIZED_AUTOS = YES_AGGRESSIVE;
				GCC_WARN_UNUSED_FUNCTION = YES;
				GCC_WARN_UNUSED_VARIABLE = YES;
				IPHONEOS_DEPLOYMENT_TARGET = 9.0;
				MACOSX_DEPLOYMENT_TARGET = 10.10;
				MTL_ENABLE_DEBUG_INFO = NO;
				SDKROOT = macosx;
				VERSIONING_SYSTEM = "apple-generic";
				VERSION_INFO_PREFIX = "";
			};
			name = Release;
		};
		29E888C11DCE5B0000C4A63A /* Debug */ = {
			isa = XCBuildConfiguration;
			buildSettings = {
				CLANG_ALLOW_NON_MODULAR_INCLUDES_IN_FRAMEWORK_MODULES = NO;
				CLANG_ENABLE_MODULES = YES;
				CODE_SIGN_IDENTITY = "";
				COMBINE_HIDPI_IMAGES = YES;
				CURRENT_PROJECT_VERSION = 14;
				DEFINES_MODULE = YES;
				DEVELOPMENT_TEAM = T439NGX64L;
				DYLIB_COMPATIBILITY_VERSION = 1;
				DYLIB_CURRENT_VERSION = 1;
				DYLIB_INSTALL_NAME_BASE = "@rpath";
				FRAMEWORK_VERSION = A;
				INFOPLIST_FILE = "GOLFKit (iOS)/Info.plist";
				INSTALL_PATH = "$(LOCAL_LIBRARY_DIR)/Frameworks";
				IPHONEOS_DEPLOYMENT_TARGET = 9.0;
				LD_RUNPATH_SEARCH_PATHS = "$(inherited) @executable_path/../Frameworks @loader_path/Frameworks";
				PRODUCT_BUNDLE_IDENTIFIER = com.mulligansoftware.GOLFKit;
				PRODUCT_NAME = GOLFKit;
				SDKROOT = iphoneos;
				SKIP_INSTALL = YES;
				SUPPORTED_PLATFORMS = "iphonesimulator iphoneos";
				TARGETED_DEVICE_FAMILY = "1,2";
				VALID_ARCHS = "arm64 armv7 armv7s";
			};
			name = Debug;
		};
		29E888C21DCE5B0000C4A63A /* Release */ = {
			isa = XCBuildConfiguration;
			buildSettings = {
				CLANG_ALLOW_NON_MODULAR_INCLUDES_IN_FRAMEWORK_MODULES = NO;
				CLANG_ENABLE_MODULES = YES;
				CODE_SIGN_IDENTITY = "";
				COMBINE_HIDPI_IMAGES = YES;
				CURRENT_PROJECT_VERSION = 14;
				DEFINES_MODULE = YES;
				DEVELOPMENT_TEAM = T439NGX64L;
				DYLIB_COMPATIBILITY_VERSION = 1;
				DYLIB_CURRENT_VERSION = 1;
				DYLIB_INSTALL_NAME_BASE = "@rpath";
				FRAMEWORK_VERSION = A;
				INFOPLIST_FILE = "GOLFKit (iOS)/Info.plist";
				INSTALL_PATH = "$(LOCAL_LIBRARY_DIR)/Frameworks";
				IPHONEOS_DEPLOYMENT_TARGET = 9.0;
				LD_RUNPATH_SEARCH_PATHS = "$(inherited) @executable_path/../Frameworks @loader_path/Frameworks";
				PRODUCT_BUNDLE_IDENTIFIER = com.mulligansoftware.GOLFKit;
				PRODUCT_NAME = GOLFKit;
				SDKROOT = iphoneos;
				SKIP_INSTALL = YES;
				SUPPORTED_PLATFORMS = "iphonesimulator iphoneos";
				TARGETED_DEVICE_FAMILY = "1,2";
				VALID_ARCHS = "arm64 armv7 armv7s";
			};
			name = Release;
		};
		29E888C41DCE5B0000C4A63A /* Debug */ = {
			isa = XCBuildConfiguration;
			buildSettings = {
				COMBINE_HIDPI_IMAGES = YES;
				CURRENT_PROJECT_VERSION = 14;
				DEVELOPMENT_TEAM = T439NGX64L;
				INFOPLIST_FILE = GOLFKitTests/Info.plist;
				LD_RUNPATH_SEARCH_PATHS = "$(inherited) @executable_path/../Frameworks @loader_path/../Frameworks";
				PRODUCT_BUNDLE_IDENTIFIER = com.mulligansoftware.GOLFKitTests;
				PRODUCT_NAME = "$(TARGET_NAME)";
			};
			name = Debug;
		};
		29E888C51DCE5B0000C4A63A /* Release */ = {
			isa = XCBuildConfiguration;
			buildSettings = {
				COMBINE_HIDPI_IMAGES = YES;
				CURRENT_PROJECT_VERSION = 14;
				DEVELOPMENT_TEAM = T439NGX64L;
				INFOPLIST_FILE = GOLFKitTests/Info.plist;
				LD_RUNPATH_SEARCH_PATHS = "$(inherited) @executable_path/../Frameworks @loader_path/../Frameworks";
				PRODUCT_BUNDLE_IDENTIFIER = com.mulligansoftware.GOLFKitTests;
				PRODUCT_NAME = "$(TARGET_NAME)";
			};
			name = Release;
		};
		29E888EB1DCE65E000C4A63A /* Debug */ = {
			isa = XCBuildConfiguration;
			buildSettings = {
				CLANG_ALLOW_NON_MODULAR_INCLUDES_IN_FRAMEWORK_MODULES = NO;
				CLANG_ENABLE_MODULES = YES;
				CODE_SIGN_IDENTITY = "";
				COMBINE_HIDPI_IMAGES = YES;
				CURRENT_PROJECT_VERSION = 14;
				DEFINES_MODULE = YES;
				DEVELOPMENT_TEAM = T439NGX64L;
				DYLIB_COMPATIBILITY_VERSION = 1;
				DYLIB_CURRENT_VERSION = 1;
				DYLIB_INSTALL_NAME_BASE = "@rpath";
				FRAMEWORK_VERSION = A;
				INFOPLIST_FILE = "GOLFKit (OS X)/Info.plist";
				INSTALL_PATH = "$(LOCAL_LIBRARY_DIR)/Frameworks";
				LD_RUNPATH_SEARCH_PATHS = "$(inherited) @executable_path/../Frameworks @loader_path/Frameworks";
				MACOSX_DEPLOYMENT_TARGET = 10.10;
				PRODUCT_BUNDLE_IDENTIFIER = com.mulligansoftware.GOLFKit;
				PRODUCT_NAME = GOLFKit;
				REZ_SEARCH_PATHS = "";
				SDKROOT = macosx;
				SKIP_INSTALL = YES;
			};
			name = Debug;
		};
		29E888EC1DCE65E000C4A63A /* Release */ = {
			isa = XCBuildConfiguration;
			buildSettings = {
				CLANG_ALLOW_NON_MODULAR_INCLUDES_IN_FRAMEWORK_MODULES = NO;
				CLANG_ENABLE_MODULES = YES;
				CODE_SIGN_IDENTITY = "";
				COMBINE_HIDPI_IMAGES = YES;
				CURRENT_PROJECT_VERSION = 14;
				DEFINES_MODULE = YES;
				DEVELOPMENT_TEAM = T439NGX64L;
				DYLIB_COMPATIBILITY_VERSION = 1;
				DYLIB_CURRENT_VERSION = 1;
				DYLIB_INSTALL_NAME_BASE = "@rpath";
				FRAMEWORK_VERSION = A;
				INFOPLIST_FILE = "GOLFKit (OS X)/Info.plist";
				INSTALL_PATH = "$(LOCAL_LIBRARY_DIR)/Frameworks";
				LD_RUNPATH_SEARCH_PATHS = "$(inherited) @executable_path/../Frameworks @loader_path/Frameworks";
				MACOSX_DEPLOYMENT_TARGET = 10.10;
				PRODUCT_BUNDLE_IDENTIFIER = com.mulligansoftware.GOLFKit;
				PRODUCT_NAME = GOLFKit;
				REZ_SEARCH_PATHS = "";
				SDKROOT = macosx;
				SKIP_INSTALL = YES;
			};
			name = Release;
		};
/* End XCBuildConfiguration section */

/* Begin XCConfigurationList section */
		29E888A61DCE5B0000C4A63A /* Build configuration list for PBXProject "GOLFKit" */ = {
			isa = XCConfigurationList;
			buildConfigurations = (
				29E888BE1DCE5B0000C4A63A /* Debug */,
				29E888BF1DCE5B0000C4A63A /* Release */,
			);
			defaultConfigurationIsVisible = 0;
			defaultConfigurationName = Release;
		};
		29E888C01DCE5B0000C4A63A /* Build configuration list for PBXNativeTarget "GOLFKit (iOS)" */ = {
			isa = XCConfigurationList;
			buildConfigurations = (
				29E888C11DCE5B0000C4A63A /* Debug */,
				29E888C21DCE5B0000C4A63A /* Release */,
			);
			defaultConfigurationIsVisible = 0;
			defaultConfigurationName = Release;
		};
		29E888C31DCE5B0000C4A63A /* Build configuration list for PBXNativeTarget "GOLFKitTests" */ = {
			isa = XCConfigurationList;
			buildConfigurations = (
				29E888C41DCE5B0000C4A63A /* Debug */,
				29E888C51DCE5B0000C4A63A /* Release */,
			);
			defaultConfigurationIsVisible = 0;
			defaultConfigurationName = Release;
		};
		29E888EA1DCE65E000C4A63A /* Build configuration list for PBXNativeTarget "GOLFKit (OS X)" */ = {
			isa = XCConfigurationList;
			buildConfigurations = (
				29E888EB1DCE65E000C4A63A /* Debug */,
				29E888EC1DCE65E000C4A63A /* Release */,
			);
			defaultConfigurationIsVisible = 0;
			defaultConfigurationName = Release;
		};
/* End XCConfigurationList section */
	};
	rootObject = 29E888A31DCE5B0000C4A63A /* Project object */;
}
